
Microsoft Visual Studio Solution File, Format Version 12.00
Project("{FAE04EC0-301F-11D3-BF4B-00C04F79EFBC}") = "Dotnet8IssuesMaui", "Dotnet8IssuesMaui\Dotnet8IssuesMaui.csproj", "{B31229DE-5F96-4F45-92B0-236B7A6EE5FD}"
EndProject
Global
	GlobalSection(SolutionConfigurationPlatforms) = preSolution
		Debug|Any CPU = Debug|Any CPU
		Release|Any CPU = Release|Any CPU
	EndGlobalSection
	GlobalSection(ProjectConfigurationPlatforms) = postSolution
		{B31229DE-5F96-4F45-92B0-236B7A6EE5FD}.Debug|Any CPU.ActiveCfg = Debug|Any CPU
		{B31229DE-5F96-4F45-92B0-236B7A6EE5FD}.Debug|Any CPU.Build.0 = Debug|Any CPU
		{B31229DE-5F96-4F45-92B0-236B7A6EE5FD}.Release|Any CPU.ActiveCfg = Release|Any CPU
		{B31229DE-5F96-4F45-92B0-236B7A6EE5FD}.Release|Any CPU.Build.0 = Release|Any CPU
	EndGlobalSection
EndGlobal
